PODS:
  - WKJavaScriptController (2.0.1)

DEPENDENCIES:
  - WKJavaScriptController

SPEC REPOS:
  https://github.com/cocoapods/specs.git:
    - WKJavaScriptController

SPEC CHECKSUMS:
  WKJavaScriptController: 25cfe98fa9617dc38e1f951a3a3f6adf6c77875e

PODFILE CHECKSUM: 61f22d4969436c30a42618d2b940b5abb57e99fa

COCOAPODS: 1.7.4
