// !$*UTF8*$!
{
	archiveVersion = 1;
	classes = {
	};
	objectVersion = 54;
	objects = {

/* Begin PBXBuildFile section */
		15859824B00D0EB49C0C6913 /* Pods_seatsio_ios.framework in Frameworks */ = {isa = PBXBuildFile; fileRef = 908BD004A0647EAEFBFB7746 /* Pods_seatsio_ios.framework */; };
		3B40BA3822A7D49C00B9A507 /* Assets.xcassets in Resources */ = {isa = PBXBuildFile; fileRef = 3B40BA3722A7D49C00B9A507 /* Assets.xcassets */; };
		4EA4AD6622A86F590030E989 /* SeatsioWebView.swift in Sources */ = {isa = PBXBuildFile; fileRef = 4EA4AD6522A86F590030E989 /* SeatsioWebView.swift */; };
		4EDEA15676C3C508BB4BBE4B /* SeatingChartSample.swift in Sources */ = {isa = PBXBuildFile; fileRef = 4EDEAECDF76F62994037BC78 /* SeatingChartSample.swift */; };
		4EDEA2B7249C0734B9AEE860 /* TicketType.swift in Sources */ = {isa = PBXBuildFile; fileRef = 4EDEA64B09FF840D72C49C61 /* TicketType.swift */; };
		4EDEA2E03D2CD09EEC4CAE41 /* TicketListing.swift in Sources */ = {isa = PBXBuildFile; fileRef = 4EDEA69A460C361D9C8F3A33 /* TicketListing.swift */; };
		4EDEA4001C0896B83A8D0B0D /* Point.swift in Sources */ = {isa = PBXBuildFile; fileRef = 4EDEA8AC302F74374EED0CDF /* Point.swift */; };
		4EDEA42398413DDE89322B68 /* TicketTypePricing.swift in Sources */ = {isa = PBXBuildFile; fileRef = 4EDEAFF64F5980E0B290F436 /* TicketTypePricing.swift */; };
		4EDEA4A774FA6942DF195D0C /* CategoryWithQuantity.swift in Sources */ = {isa = PBXBuildFile; fileRef = 4EDEA5174C3B57909D6F0369 /* CategoryWithQuantity.swift */; };
		4EDEA5061182FCBDD7373A90 /* Style.swift in Sources */ = {isa = PBXBuildFile; fileRef = 4EDEAC0C4EF1BDA7E69EB7AB /* Style.swift */; };
		4EDEA540C9F4FDF810ABAC43 /* SelectionValidator.swift in Sources */ = {isa = PBXBuildFile; fileRef = 4EDEA7F354DAF869A28A377D /* SelectionValidator.swift */; };
		4EDEA64D4BBCBE687755DEAC /* releasing.md in Sources */ = {isa = PBXBuildFile; fileRef = 4EDEA976297E0ADA1A8BE9C8 /* releasing.md */; };
		4EDEA67392849D8A8644B1FF /* SeatingChart.swift in Sources */ = {isa = PBXBuildFile; fileRef = 4EDEA6F7303F7AB3A435DCEB /* SeatingChart.swift */; };
		4EDEA677E5530F12E5E04D0C /* Pricing.swift in Sources */ = {isa = PBXBuildFile; fileRef = 4EDEA099F1693CFC065B3A62 /* Pricing.swift */; };
		4EDEA7B84867A8207E7EDE3A /* Legend.swift in Sources */ = {isa = PBXBuildFile; fileRef = 4EDEA39FA63D2FBFF3849BC4 /* Legend.swift */; };
		4EDEA8E950F463D31F67C49C /* BestAvailable.swift in Sources */ = {isa = PBXBuildFile; fileRef = 4EDEA6E2F6E170537E3822EC /* BestAvailable.swift */; };
		4EDEA95316803DC194873FE9 /* SelectedObject.swift in Sources */ = {isa = PBXBuildFile; fileRef = 4EDEA83844B303A6685ACF8B /* SelectedObject.swift */; };
		4EDEA970237725FAB2D0D30D /* TicketTypeWithQuantity.swift in Sources */ = {isa = PBXBuildFile; fileRef = 4EDEAD1F78977B90C4DA4B39 /* TicketTypeWithQuantity.swift */; };
		4EDEA979B40A137B93B88522 /* SeatingChartConfig.swift in Sources */ = {isa = PBXBuildFile; fileRef = 4EDEA52AC21D4D9AAFDB2E46 /* SeatingChartConfig.swift */; };
		4EDEA9892FEF157DE1A9F396 /* Labels.swift in Sources */ = {isa = PBXBuildFile; fileRef = 4EDEA81DA10F59A65048DF40 /* Labels.swift */; };
		4EDEAA4EEDDD18CEB216DDFF /* AnyEncodable.swift in Sources */ = {isa = PBXBuildFile; fileRef = 4EDEAABFA7B4436D972F2E2D /* AnyEncodable.swift */; };
		4EDEAA64A7C2984DE75016E0 /* ObjectTooltip.swift in Sources */ = {isa = PBXBuildFile; fileRef = 4EDEA386B2AED9B7FFA78D48 /* ObjectTooltip.swift */; };
		4EDEAB8F473117311871E657 /* CategoryFilter.swift in Sources */ = {isa = PBXBuildFile; fileRef = 4EDEA0763144FD24206F519B /* CategoryFilter.swift */; };
		4EDEAC4BA9FFF44DB841CFB9 /* AppDelegate.swift in Sources */ = {isa = PBXBuildFile; fileRef = 4EDEADBF3EADA29EA6A7B5A8 /* AppDelegate.swift */; };
		4EDEACC0E67B41C274F30EDD /* HoldToken.swift in Sources */ = {isa = PBXBuildFile; fileRef = 4EDEAA55D4DDFE1914B4116B /* HoldToken.swift */; };
		4EDEAE838F53B93BCE0114F4 /* Colors.swift in Sources */ = {isa = PBXBuildFile; fileRef = 4EDEA633D63982576C1999B1 /* Colors.swift */; };
		4EDEAF040BFBA579B70AFC19 /* Category.swift in Sources */ = {isa = PBXBuildFile; fileRef = 4EDEA57B75716A2D4D86C3C6 /* Category.swift */; };
		4EDEAF0D8D5EFDC667045A40 /* SelectionValidatorType.swift in Sources */ = {isa = PBXBuildFile; fileRef = 4EDEA8131A118A251B4E8469 /* SelectionValidatorType.swift */; };
		4EDEAF7141F075ACE831949E /* ReportBySelectability.swift in Sources */ = {isa = PBXBuildFile; fileRef = 4EDEAF2C91ADC8500B3CA854 /* ReportBySelectability.swift */; };
		4EDEAFBCD7841989B4823DDC /* Html.swift in Sources */ = {isa = PBXBuildFile; fileRef = 4EDEA65F4B160685223EEC59 /* Html.swift */; };
		4EDEAFCD0B067C46CCA35CBA /* ConfigChange.swift in Sources */ = {isa = PBXBuildFile; fileRef = 4EDEAFCFBA22E63057491CF3 /* ConfigChange.swift */; };
		9EDB593A2BB19BFA00C6A0D1 /* SeatParent.swift in Sources */ = {isa = PBXBuildFile; fileRef = 9EDB59392BB19BFA00C6A0D1 /* SeatParent.swift */; };
		B5E85DF8A7019A1AA0D8D4DA /* SeatsioObject.swift in Sources */ = {isa = PBXBuildFile; fileRef = B5E851D6B4FC0C586C2A0F67 /* SeatsioObject.swift */; };
/* End PBXBuildFile section */

/* Begin PBXFileReference section */
		3B40BA2D22A7D49C00B9A507 /* seatsio-ios.app */ = {isa = PBXFileReference; explicitFileType = wrapper.application; includeInIndex = 0; path = "seatsio-ios.app"; sourceTree = BUILT_PRODUCTS_DIR; };
		3B40BA3722A7D49C00B9A507 /* Assets.xcassets */ = {isa = PBXFileReference; lastKnownFileType = folder.assetcatalog; path = Assets.xcassets; sourceTree = "<group>"; };
		3B40BA3C22A7D49C00B9A507 /* Info.plist */ = {isa = PBXFileReference; lastKnownFileType = text.plist.xml; path = Info.plist; sourceTree = "<group>"; };
		4EA4AD6522A86F590030E989 /* SeatsioWebView.swift */ = {isa = PBXFileReference; fileEncoding = 4; lastKnownFileType = sourcecode.swift; path = SeatsioWebView.swift; sourceTree = "<group>"; };
		4EDEA0763144FD24206F519B /* CategoryFilter.swift */ = {isa = PBXFileReference; fileEncoding = 4; lastKnownFileType = sourcecode.swift; path = CategoryFilter.swift; sourceTree = "<group>"; };
		4EDEA099F1693CFC065B3A62 /* Pricing.swift */ = {isa = PBXFileReference; fileEncoding = 4; lastKnownFileType = sourcecode.swift; path = Pricing.swift; sourceTree = "<group>"; };
		4EDEA386B2AED9B7FFA78D48 /* ObjectTooltip.swift */ = {isa = PBXFileReference; fileEncoding = 4; lastKnownFileType = sourcecode.swift; path = ObjectTooltip.swift; sourceTree = "<group>"; };
		4EDEA39FA63D2FBFF3849BC4 /* Legend.swift */ = {isa = PBXFileReference; fileEncoding = 4; lastKnownFileType = sourcecode.swift; path = Legend.swift; sourceTree = "<group>"; };
		4EDEA5174C3B57909D6F0369 /* CategoryWithQuantity.swift */ = {isa = PBXFileReference; fileEncoding = 4; lastKnownFileType = sourcecode.swift; path = CategoryWithQuantity.swift; sourceTree = "<group>"; };
		4EDEA52AC21D4D9AAFDB2E46 /* SeatingChartConfig.swift */ = {isa = PBXFileReference; fileEncoding = 4; lastKnownFileType = sourcecode.swift; path = SeatingChartConfig.swift; sourceTree = "<group>"; };
		4EDEA57B75716A2D4D86C3C6 /* Category.swift */ = {isa = PBXFileReference; fileEncoding = 4; lastKnownFileType = sourcecode.swift; path = Category.swift; sourceTree = "<group>"; };
		4EDEA633D63982576C1999B1 /* Colors.swift */ = {isa = PBXFileReference; fileEncoding = 4; lastKnownFileType = sourcecode.swift; path = Colors.swift; sourceTree = "<group>"; };
		4EDEA64B09FF840D72C49C61 /* TicketType.swift */ = {isa = PBXFileReference; fileEncoding = 4; lastKnownFileType = sourcecode.swift; path = TicketType.swift; sourceTree = "<group>"; };
		4EDEA65F4B160685223EEC59 /* Html.swift */ = {isa = PBXFileReference; fileEncoding = 4; lastKnownFileType = sourcecode.swift; path = Html.swift; sourceTree = "<group>"; };
		4EDEA69A460C361D9C8F3A33 /* TicketListing.swift */ = {isa = PBXFileReference; fileEncoding = 4; lastKnownFileType = sourcecode.swift; path = TicketListing.swift; sourceTree = "<group>"; };
		4EDEA6E2F6E170537E3822EC /* BestAvailable.swift */ = {isa = PBXFileReference; fileEncoding = 4; lastKnownFileType = sourcecode.swift; path = BestAvailable.swift; sourceTree = "<group>"; };
		4EDEA6F7303F7AB3A435DCEB /* SeatingChart.swift */ = {isa = PBXFileReference; fileEncoding = 4; lastKnownFileType = sourcecode.swift; path = SeatingChart.swift; sourceTree = "<group>"; };
		4EDEA7F354DAF869A28A377D /* SelectionValidator.swift */ = {isa = PBXFileReference; fileEncoding = 4; lastKnownFileType = sourcecode.swift; path = SelectionValidator.swift; sourceTree = "<group>"; };
		4EDEA8131A118A251B4E8469 /* SelectionValidatorType.swift */ = {isa = PBXFileReference; fileEncoding = 4; lastKnownFileType = sourcecode.swift; path = SelectionValidatorType.swift; sourceTree = "<group>"; };
		4EDEA81DA10F59A65048DF40 /* Labels.swift */ = {isa = PBXFileReference; fileEncoding = 4; lastKnownFileType = sourcecode.swift; path = Labels.swift; sourceTree = "<group>"; };
		4EDEA83844B303A6685ACF8B /* SelectedObject.swift */ = {isa = PBXFileReference; fileEncoding = 4; lastKnownFileType = sourcecode.swift; path = SelectedObject.swift; sourceTree = "<group>"; };
		4EDEA8AC302F74374EED0CDF /* Point.swift */ = {isa = PBXFileReference; fileEncoding = 4; lastKnownFileType = sourcecode.swift; path = Point.swift; sourceTree = "<group>"; };
		4EDEA976297E0ADA1A8BE9C8 /* releasing.md */ = {isa = PBXFileReference; fileEncoding = 4; lastKnownFileType = net.daringfireball.markdown; path = releasing.md; sourceTree = "<group>"; };
		4EDEAA55D4DDFE1914B4116B /* HoldToken.swift */ = {isa = PBXFileReference; fileEncoding = 4; lastKnownFileType = sourcecode.swift; path = HoldToken.swift; sourceTree = "<group>"; };
		4EDEAABFA7B4436D972F2E2D /* AnyEncodable.swift */ = {isa = PBXFileReference; fileEncoding = 4; lastKnownFileType = sourcecode.swift; path = AnyEncodable.swift; sourceTree = "<group>"; };
		4EDEAC0C4EF1BDA7E69EB7AB /* Style.swift */ = {isa = PBXFileReference; fileEncoding = 4; lastKnownFileType = sourcecode.swift; path = Style.swift; sourceTree = "<group>"; };
		4EDEAD1F78977B90C4DA4B39 /* TicketTypeWithQuantity.swift */ = {isa = PBXFileReference; fileEncoding = 4; lastKnownFileType = sourcecode.swift; path = TicketTypeWithQuantity.swift; sourceTree = "<group>"; };
		4EDEADBF3EADA29EA6A7B5A8 /* AppDelegate.swift */ = {isa = PBXFileReference; fileEncoding = 4; lastKnownFileType = sourcecode.swift; name = AppDelegate.swift; path = Example/AppDelegate.swift; sourceTree = "<group>"; };
		4EDEAECDF76F62994037BC78 /* SeatingChartSample.swift */ = {isa = PBXFileReference; fileEncoding = 4; lastKnownFileType = sourcecode.swift; name = SeatingChartSample.swift; path = Example/SeatingChartSample.swift; sourceTree = "<group>"; };
		4EDEAF2C91ADC8500B3CA854 /* ReportBySelectability.swift */ = {isa = PBXFileReference; fileEncoding = 4; lastKnownFileType = sourcecode.swift; path = ReportBySelectability.swift; sourceTree = "<group>"; };
		4EDEAFCFBA22E63057491CF3 /* ConfigChange.swift */ = {isa = PBXFileReference; fileEncoding = 4; lastKnownFileType = sourcecode.swift; path = ConfigChange.swift; sourceTree = "<group>"; };
		4EDEAFF64F5980E0B290F436 /* TicketTypePricing.swift */ = {isa = PBXFileReference; fileEncoding = 4; lastKnownFileType = sourcecode.swift; path = TicketTypePricing.swift; sourceTree = "<group>"; };
		55FC4DE26E034E2C40A60EE2 /* Pods-seatsio-ios.debug.xcconfig */ = {isa = PBXFileReference; includeInIndex = 1; lastKnownFileType = text.xcconfig; name = "Pods-seatsio-ios.debug.xcconfig"; path = "Target Support Files/Pods-seatsio-ios/Pods-seatsio-ios.debug.xcconfig"; sourceTree = "<group>"; };
		908BD004A0647EAEFBFB7746 /* Pods_seatsio_ios.framework */ = {isa = PBXFileReference; explicitFileType = wrapper.framework; includeInIndex = 0; path = Pods_seatsio_ios.framework; sourceTree = BUILT_PRODUCTS_DIR; };
		9EDB59392BB19BFA00C6A0D1 /* SeatParent.swift */ = {isa = PBXFileReference; lastKnownFileType = sourcecode.swift; path = SeatParent.swift; sourceTree = "<group>"; };
		A6A88E8FAE60849004A8E8E6 /* Pods-seatsio-ios.release.xcconfig */ = {isa = PBXFileReference; includeInIndex = 1; lastKnownFileType = text.xcconfig; name = "Pods-seatsio-ios.release.xcconfig"; path = "Target Support Files/Pods-seatsio-ios/Pods-seatsio-ios.release.xcconfig"; sourceTree = "<group>"; };
		B5E851D6B4FC0C586C2A0F67 /* SeatsioObject.swift */ = {isa = PBXFileReference; fileEncoding = 4; lastKnownFileType = sourcecode.swift; path = SeatsioObject.swift; sourceTree = "<group>"; };
/* End PBXFileReference section */

/* Begin PBXFrameworksBuildPhase section */
		3B40BA2A22A7D49C00B9A507 /* Frameworks */ = {
			isa = PBXFrameworksBuildPhase;
			buildActionMask = 2147483647;
			files = (
				15859824B00D0EB49C0C6913 /* Pods_seatsio_ios.framework in Frameworks */,
			);
			runOnlyForDeploymentPostprocessing = 0;
		};
/* End PBXFrameworksBuildPhase section */

/* Begin PBXGroup section */
		2D7DE68DBC739D600807581F /* Pods */ = {
			isa = PBXGroup;
			children = (
				55FC4DE26E034E2C40A60EE2 /* Pods-seatsio-ios.debug.xcconfig */,
				A6A88E8FAE60849004A8E8E6 /* Pods-seatsio-ios.release.xcconfig */,
			);
			path = Pods;
			sourceTree = "<group>";
		};
		3B40BA2422A7D49C00B9A507 = {
			isa = PBXGroup;
			children = (
				3B40BA2F22A7D49C00B9A507 /* seatsio-ios */,
				3B40BA2E22A7D49C00B9A507 /* Products */,
				2D7DE68DBC739D600807581F /* Pods */,
				8438CC24EAD4C56087A90D9B /* Frameworks */,
				4EDEA976297E0ADA1A8BE9C8 /* releasing.md */,
			);
			sourceTree = "<group>";
		};
		3B40BA2E22A7D49C00B9A507 /* Products */ = {
			isa = PBXGroup;
			children = (
				3B40BA2D22A7D49C00B9A507 /* seatsio-ios.app */,
			);
			name = Products;
			sourceTree = "<group>";
		};
		3B40BA2F22A7D49C00B9A507 /* seatsio-ios */ = {
			isa = PBXGroup;
			children = (
				4EA4AD6522A86F590030E989 /* SeatsioWebView.swift */,
				3B40BA3722A7D49C00B9A507 /* Assets.xcassets */,
				3B40BA3C22A7D49C00B9A507 /* Info.plist */,
				B5E851D6B4FC0C586C2A0F67 /* SeatsioObject.swift */,
				4EDEA52AC21D4D9AAFDB2E46 /* SeatingChartConfig.swift */,
				4EDEA099F1693CFC065B3A62 /* Pricing.swift */,
				4EDEAFF64F5980E0B290F436 /* TicketTypePricing.swift */,
				4EDEA6E2F6E170537E3822EC /* BestAvailable.swift */,
				4EDEA39FA63D2FBFF3849BC4 /* Legend.swift */,
				4EDEA7F354DAF869A28A377D /* SelectionValidator.swift */,
				4EDEA57B75716A2D4D86C3C6 /* Category.swift */,
				4EDEA69A460C361D9C8F3A33 /* TicketListing.swift */,
				4EDEA64B09FF840D72C49C61 /* TicketType.swift */,
				4EDEA8131A118A251B4E8469 /* SelectionValidatorType.swift */,
				4EDEAABFA7B4436D972F2E2D /* AnyEncodable.swift */,
				4EDEA8AC302F74374EED0CDF /* Point.swift */,
				4EDEA81DA10F59A65048DF40 /* Labels.swift */,
				4EDEA6F7303F7AB3A435DCEB /* SeatingChart.swift */,
				4EDEAFCFBA22E63057491CF3 /* ConfigChange.swift */,
				4EDEA5174C3B57909D6F0369 /* CategoryWithQuantity.swift */,
				4EDEAD1F78977B90C4DA4B39 /* TicketTypeWithQuantity.swift */,
				4EDEA83844B303A6685ACF8B /* SelectedObject.swift */,
				4EDEA386B2AED9B7FFA78D48 /* ObjectTooltip.swift */,
				4EDEA0763144FD24206F519B /* CategoryFilter.swift */,
				4EDEA633D63982576C1999B1 /* Colors.swift */,
				4EDEAC0C4EF1BDA7E69EB7AB /* Style.swift */,
				4EDEA65F4B160685223EEC59 /* Html.swift */,
				4EDEAECDF76F62994037BC78 /* SeatingChartSample.swift */,
				4EDEADBF3EADA29EA6A7B5A8 /* AppDelegate.swift */,
				4EDEAF2C91ADC8500B3CA854 /* ReportBySelectability.swift */,
				4EDEAA55D4DDFE1914B4116B /* HoldToken.swift */,
				9EDB59392BB19BFA00C6A0D1 /* SeatParent.swift */,
			);
			path = "seatsio-ios";
			sourceTree = "<group>";
		};
		8438CC24EAD4C56087A90D9B /* Frameworks */ = {
			isa = PBXGroup;
			children = (
				908BD004A0647EAEFBFB7746 /* Pods_seatsio_ios.framework */,
			);
			name = Frameworks;
			sourceTree = "<group>";
		};
/* End PBXGroup section */

/* Begin PBXNativeTarget section */
		3B40BA2C22A7D49C00B9A507 /* seatsio-ios */ = {
			isa = PBXNativeTarget;
			buildConfigurationList = 3B40BA5522A7D49C00B9A507 /* Build configuration list for PBXNativeTarget "seatsio-ios" */;
			buildPhases = (
				E29E4CF9BF68BAEED60C2553 /* [CP] Check Pods Manifest.lock */,
				3B40BA2922A7D49C00B9A507 /* Sources */,
				3B40BA2A22A7D49C00B9A507 /* Frameworks */,
				3B40BA2B22A7D49C00B9A507 /* Resources */,
				4BDD558252B4B52FAFF57D57 /* [CP] Embed Pods Frameworks */,
			);
			buildRules = (
			);
			dependencies = (
			);
			name = "seatsio-ios";
			productName = "seatsio-ios";
			productReference = 3B40BA2D22A7D49C00B9A507 /* seatsio-ios.app */;
			productType = "com.apple.product-type.application";
		};
/* End PBXNativeTarget section */

/* Begin PBXProject section */
		3B40BA2522A7D49C00B9A507 /* Project object */ = {
			isa = PBXProject;
			attributes = {
				LastSwiftUpdateCheck = 1020;
				LastUpgradeCheck = 1020;
				ORGANIZATIONNAME = Seats.io;
				TargetAttributes = {
					3B40BA2C22A7D49C00B9A507 = {
						CreatedOnToolsVersion = 10.2.1;
					};
				};
			};
			buildConfigurationList = 3B40BA2822A7D49C00B9A507 /* Build configuration list for PBXProject "seatsio-ios" */;
			compatibilityVersion = "Xcode 9.3";
			developmentRegion = en;
			hasScannedForEncodings = 0;
			knownRegions = (
				en,
				Base,
			);
			mainGroup = 3B40BA2422A7D49C00B9A507;
			productRefGroup = 3B40BA2E22A7D49C00B9A507 /* Products */;
			projectDirPath = "";
			projectRoot = "";
			targets = (
				3B40BA2C22A7D49C00B9A507 /* seatsio-ios */,
			);
		};
/* End PBXProject section */

/* Begin PBXResourcesBuildPhase section */
		3B40BA2B22A7D49C00B9A507 /* Resources */ = {
			isa = PBXResourcesBuildPhase;
			buildActionMask = 2147483647;
			files = (
				3B40BA3822A7D49C00B9A507 /* Assets.xcassets in Resources */,
			);
			runOnlyForDeploymentPostprocessing = 0;
		};
/* End PBXResourcesBuildPhase section */

/* Begin PBXShellScriptBuildPhase section */
		4BDD558252B4B52FAFF57D57 /* [CP] Embed Pods Frameworks */ = {
			isa = PBXShellScriptBuildPhase;
			buildActionMask = 2147483647;
			files = (
			);
			inputFileListPaths = (
				"${PODS_ROOT}/Target Support Files/Pods-seatsio-ios/Pods-seatsio-ios-frameworks-${CONFIGURATION}-input-files.xcfilelist",
			);
			name = "[CP] Embed Pods Frameworks";
			outputFileListPaths = (
				"${PODS_ROOT}/Target Support Files/Pods-seatsio-ios/Pods-seatsio-ios-frameworks-${CONFIGURATION}-output-files.xcfilelist",
			);
			runOnlyForDeploymentPostprocessing = 0;
			shellPath = /bin/sh;
			shellScript = "\"${PODS_ROOT}/Target Support Files/Pods-seatsio-ios/Pods-seatsio-ios-frameworks.sh\"\n";
			showEnvVarsInLog = 0;
		};
		E29E4CF9BF68BAEED60C2553 /* [CP] Check Pods Manifest.lock */ = {
			isa = PBXShellScriptBuildPhase;
			buildActionMask = 2147483647;
			files = (
			);
			inputFileListPaths = (
			);
			inputPaths = (
				"${PODS_PODFILE_DIR_PATH}/Podfile.lock",
				"${PODS_ROOT}/Manifest.lock",
			);
			name = "[CP] Check Pods Manifest.lock";
			outputFileListPaths = (
			);
			outputPaths = (
				"$(DERIVED_FILE_DIR)/Pods-seatsio-ios-checkManifestLockResult.txt",
			);
			runOnlyForDeploymentPostprocessing = 0;
			shellPath = /bin/sh;
			shellScript = "diff \"${PODS_PODFILE_DIR_PATH}/Podfile.lock\" \"${PODS_ROOT}/Manifest.lock\" > /dev/null\nif [ $? != 0 ] ; then\n    # print error to STDERR\n    echo \"error: The sandbox is not in sync with the Podfile.lock. Run 'pod install' or update your CocoaPods installation.\" >&2\n    exit 1\nfi\n# This output is used by Xcode 'outputs' to avoid re-running this script phase.\necho \"SUCCESS\" > \"${SCRIPT_OUTPUT_FILE_0}\"\n";
			showEnvVarsInLog = 0;
		};
/* End PBXShellScriptBuildPhase section */

/* Begin PBXSourcesBuildPhase section */
		3B40BA2922A7D49C00B9A507 /* Sources */ = {
			isa = PBXSourcesBuildPhase;
			buildActionMask = 2147483647;
			files = (
				4EA4AD6622A86F590030E989 /* SeatsioWebView.swift in Sources */,
				B5E85DF8A7019A1AA0D8D4DA /* SeatsioObject.swift in Sources */,
				4EDEA979B40A137B93B88522 /* SeatingChartConfig.swift in Sources */,
				4EDEA677E5530F12E5E04D0C /* Pricing.swift in Sources */,
				4EDEA42398413DDE89322B68 /* TicketTypePricing.swift in Sources */,
				4EDEA8E950F463D31F67C49C /* BestAvailable.swift in Sources */,
				4EDEA7B84867A8207E7EDE3A /* Legend.swift in Sources */,
				4EDEA540C9F4FDF810ABAC43 /* SelectionValidator.swift in Sources */,
				4EDEAF040BFBA579B70AFC19 /* Category.swift in Sources */,
				4EDEA2E03D2CD09EEC4CAE41 /* TicketListing.swift in Sources */,
				4EDEA2B7249C0734B9AEE860 /* TicketType.swift in Sources */,
				4EDEAF0D8D5EFDC667045A40 /* SelectionValidatorType.swift in Sources */,
				4EDEAA4EEDDD18CEB216DDFF /* AnyEncodable.swift in Sources */,
				4EDEA4001C0896B83A8D0B0D /* Point.swift in Sources */,
				4EDEA9892FEF157DE1A9F396 /* Labels.swift in Sources */,
				9EDB593A2BB19BFA00C6A0D1 /* SeatParent.swift in Sources */,
				4EDEA67392849D8A8644B1FF /* SeatingChart.swift in Sources */,
				4EDEAFCD0B067C46CCA35CBA /* ConfigChange.swift in Sources */,
				4EDEA4A774FA6942DF195D0C /* CategoryWithQuantity.swift in Sources */,
				4EDEA970237725FAB2D0D30D /* TicketTypeWithQuantity.swift in Sources */,
				4EDEA95316803DC194873FE9 /* SelectedObject.swift in Sources */,
				4EDEAA64A7C2984DE75016E0 /* ObjectTooltip.swift in Sources */,
				4EDEAB8F473117311871E657 /* CategoryFilter.swift in Sources */,
				4EDEAE838F53B93BCE0114F4 /* Colors.swift in Sources */,
				4EDEA5061182FCBDD7373A90 /* Style.swift in Sources */,
				4EDEAFBCD7841989B4823DDC /* Html.swift in Sources */,
				4EDEA15676C3C508BB4BBE4B /* SeatingChartSample.swift in Sources */,
				4EDEAC4BA9FFF44DB841CFB9 /* AppDelegate.swift in Sources */,
				4EDEA64D4BBCBE687755DEAC /* releasing.md in Sources */,
				4EDEAF7141F075ACE831949E /* ReportBySelectability.swift in Sources */,
				4EDEACC0E67B41C274F30EDD /* HoldToken.swift in Sources */,
			);
			runOnlyForDeploymentPostprocessing = 0;
		};
/* End PBXSourcesBuildPhase section */

/* Begin XCBuildConfiguration section */
		3B40BA5322A7D49C00B9A507 /* Debug */ = {
			isa = XCBuildConfiguration;
			buildSettings = {
				ALWAYS_SEARCH_USER_PATHS = NO;
				CLANG_ANALYZER_NONNULL = YES;
				CLANG_ANALYZER_NUMBER_OBJECT_CONVERSION = YES_AGGRESSIVE;
				CLANG_CXX_LANGUAGE_STANDARD = "gnu++14";
				CLANG_CXX_LIBRARY = "libc++";
				CLANG_ENABLE_MODULES = YES;
				CLANG_ENABLE_OBJC_ARC = YES;
				CLANG_ENABLE_OBJC_WEAK = YES;
				CLANG_WARN_BLOCK_CAPTURE_AUTORELEASING = YES;
				CLANG_WARN_BOOL_CONVERSION = YES;
				CLANG_WARN_COMMA = YES;
				CLANG_WARN_CONSTANT_CONVERSION = YES;
				CLANG_WARN_DEPRECATED_OBJC_IMPLEMENTATIONS = YES;
				CLANG_WARN_DIRECT_OBJC_ISA_USAGE = YES_ERROR;
				CLANG_WARN_DOCUMENTATION_COMMENTS = YES;
				CLANG_WARN_EMPTY_BODY = YES;
				CLANG_WARN_ENUM_CONVERSION = YES;
				CLANG_WARN_INFINITE_RECURSION = YES;
				CLANG_WARN_INT_CONVERSION = YES;
				CLANG_WARN_NON_LITERAL_NULL_CONVERSION = YES;
				CLANG_WARN_OBJC_IMPLICIT_RETAIN_SELF = YES;
				CLANG_WARN_OBJC_LITERAL_CONVERSION = YES;
				CLANG_WARN_OBJC_ROOT_CLASS = YES_ERROR;
				CLANG_WARN_RANGE_LOOP_ANALYSIS = YES;
				CLANG_WARN_STRICT_PROTOTYPES = YES;
				CLANG_WARN_SUSPICIOUS_MOVE = YES;
				CLANG_WARN_UNGUARDED_AVAILABILITY = YES_AGGRESSIVE;
				CLANG_WARN_UNREACHABLE_CODE = YES;
				CLANG_WARN__DUPLICATE_METHOD_MATCH = YES;
				CODE_SIGN_IDENTITY = "iPhone Developer";
				COPY_PHASE_STRIP = NO;
				DEBUG_INFORMATION_FORMAT = dwarf;
				DEVELOPMENT_TEAM = "";
				ENABLE_STRICT_OBJC_MSGSEND = YES;
				ENABLE_TESTABILITY = YES;
				GCC_C_LANGUAGE_STANDARD = gnu11;
				GCC_DYNAMIC_NO_PIC = NO;
				GCC_NO_COMMON_BLOCKS = YES;
				GCC_OPTIMIZATION_LEVEL = 0;
				GCC_PREPROCESSOR_DEFINITIONS = (
					"DEBUG=1",
					"$(inherited)",
				);
				GCC_WARN_64_TO_32_BIT_CONVERSION = YES;
				GCC_WARN_ABOUT_RETURN_TYPE = YES_ERROR;
				GCC_WARN_UNDECLARED_SELECTOR = YES;
				GCC_WARN_UNINITIALIZED_AUTOS = YES_AGGRESSIVE;
				GCC_WARN_UNUSED_FUNCTION = YES;
				GCC_WARN_UNUSED_VARIABLE = YES;
				IPHONEOS_DEPLOYMENT_TARGET = 9.0;
				MTL_ENABLE_DEBUG_INFO = INCLUDE_SOURCE;
				MTL_FAST_MATH = YES;
				ONLY_ACTIVE_ARCH = YES;
				PROVISIONING_PROFILE_SPECIFIER = "";
				SDKROOT = iphoneos;
				SWIFT_ACTIVE_COMPILATION_CONDITIONS = DEBUG;
				SWIFT_OPTIMIZATION_LEVEL = "-Onone";
			};
			name = Debug;
		};
		3B40BA5422A7D49C00B9A507 /* Release */ = {
			isa = XCBuildConfiguration;
			buildSettings = {
				ALWAYS_SEARCH_USER_PATHS = NO;
				CLANG_ANALYZER_NONNULL = YES;
				CLANG_ANALYZER_NUMBER_OBJECT_CONVERSION = YES_AGGRESSIVE;
				CLANG_CXX_LANGUAGE_STANDARD = "gnu++14";
				CLANG_CXX_LIBRARY = "libc++";
				CLANG_ENABLE_MODULES = YES;
				CLANG_ENABLE_OBJC_ARC = YES;
				CLANG_ENABLE_OBJC_WEAK = YES;
				CLANG_WARN_BLOCK_CAPTURE_AUTORELEASING = YES;
				CLANG_WARN_BOOL_CONVERSION = YES;
				CLANG_WARN_COMMA = YES;
				CLANG_WARN_CONSTANT_CONVERSION = YES;
				CLANG_WARN_DEPRECATED_OBJC_IMPLEMENTATIONS = YES;
				CLANG_WARN_DIRECT_OBJC_ISA_USAGE = YES_ERROR;
				CLANG_WARN_DOCUMENTATION_COMMENTS = YES;
				CLANG_WARN_EMPTY_BODY = YES;
				CLANG_WARN_ENUM_CONVERSION = YES;
				CLANG_WARN_INFINITE_RECURSION = YES;
				CLANG_WARN_INT_CONVERSION = YES;
				CLANG_WARN_NON_LITERAL_NULL_CONVERSION = YES;
				CLANG_WARN_OBJC_IMPLICIT_RETAIN_SELF = YES;
				CLANG_WARN_OBJC_LITERAL_CONVERSION = YES;
				CLANG_WARN_OBJC_ROOT_CLASS = YES_ERROR;
				CLANG_WARN_RANGE_LOOP_ANALYSIS = YES;
				CLANG_WARN_STRICT_PROTOTYPES = YES;
				CLANG_WARN_SUSPICIOUS_MOVE = YES;
				CLANG_WARN_UNGUARDED_AVAILABILITY = YES_AGGRESSIVE;
				CLANG_WARN_UNREACHABLE_CODE = YES;
				CLANG_WARN__DUPLICATE_METHOD_MATCH = YES;
				CODE_SIGN_IDENTITY = "iPhone Developer";
				COPY_PHASE_STRIP = NO;
				DEBUG_INFORMATION_FORMAT = "dwarf-with-dsym";
				DEVELOPMENT_TEAM = "";
				ENABLE_NS_ASSERTIONS = NO;
				ENABLE_STRICT_OBJC_MSGSEND = YES;
				GCC_C_LANGUAGE_STANDARD = gnu11;
				GCC_NO_COMMON_BLOCKS = YES;
				GCC_WARN_64_TO_32_BIT_CONVERSION = YES;
				GCC_WARN_ABOUT_RETURN_TYPE = YES_ERROR;
				GCC_WARN_UNDECLARED_SELECTOR = YES;
				GCC_WARN_UNINITIALIZED_AUTOS = YES_AGGRESSIVE;
				GCC_WARN_UNUSED_FUNCTION = YES;
				GCC_WARN_UNUSED_VARIABLE = YES;
				IPHONEOS_DEPLOYMENT_TARGET = 9.0;
				MTL_ENABLE_DEBUG_INFO = NO;
				MTL_FAST_MATH = YES;
				PROVISIONING_PROFILE_SPECIFIER = "";
				SDKROOT = iphoneos;
				SWIFT_COMPILATION_MODE = wholemodule;
				SWIFT_OPTIMIZATION_LEVEL = "-O";
				VALIDATE_PRODUCT = YES;
			};
			name = Release;
		};
		3B40BA5622A7D49C00B9A507 /* Debug */ = {
			isa = XCBuildConfiguration;
			baseConfigurationReference = 55FC4DE26E034E2C40A60EE2 /* Pods-seatsio-ios.debug.xcconfig */;
			buildSettings = {
				ASSETCATALOG_COMPILER_APPICON_NAME = AppIcon;
				CODE_SIGN_STYLE = Automatic;
				DEVELOPMENT_TEAM = 5WGUCAYKLS;
				INFOPLIST_FILE = "seatsio-ios/Info.plist";
				IPHONEOS_DEPLOYMENT_TARGET = 9.0;
				LD_RUNPATH_SEARCH_PATHS = (
					"$(inherited)",
					"@executable_path/Frameworks",
				);
				PRODUCT_BUNDLE_IDENTIFIER = "io.seats.seatsio-ios";
				PRODUCT_NAME = "$(TARGET_NAME)";
				PROVISIONING_PROFILE_SPECIFIER = "";
				SWIFT_VERSION = 4.2;
				TARGETED_DEVICE_FAMILY = "1,2";
			};
			name = Debug;
		};
		3B40BA5722A7D49C00B9A507 /* Release */ = {
			isa = XCBuildConfiguration;
			baseConfigurationReference = A6A88E8FAE60849004A8E8E6 /* Pods-seatsio-ios.release.xcconfig */;
			buildSettings = {
				ASSETCATALOG_COMPILER_APPICON_NAME = AppIcon;
				CODE_SIGN_STYLE = Automatic;
				DEVELOPMENT_TEAM = 5WGUCAYKLS;
				INFOPLIST_FILE = "seatsio-ios/Info.plist";
				IPHONEOS_DEPLOYMENT_TARGET = 9.0;
				LD_RUNPATH_SEARCH_PATHS = (
					"$(inherited)",
					"@executable_path/Frameworks",
				);
				PRODUCT_BUNDLE_IDENTIFIER = "io.seats.seatsio-ios";
				PRODUCT_NAME = "$(TARGET_NAME)";
				PROVISIONING_PROFILE_SPECIFIER = "";
				SWIFT_VERSION = 4.2;
				TARGETED_DEVICE_FAMILY = "1,2";
			};
			name = Release;
		};
/* End XCBuildConfiguration section */

/* Begin XCConfigurationList section */
		3B40BA2822A7D49C00B9A507 /* Build configuration list for PBXProject "seatsio-ios" */ = {
			isa = XCConfigurationList;
			buildConfigurations = (
				3B40BA5322A7D49C00B9A507 /* Debug */,
				3B40BA5422A7D49C00B9A507 /* Release */,
			);
			defaultConfigurationIsVisible = 0;
			defaultConfigurationName = Release;
		};
		3B40BA5522A7D49C00B9A507 /* Build configuration list for PBXNativeTarget "seatsio-ios" */ = {
			isa = XCConfigurationList;
			buildConfigurations = (
				3B40BA5622A7D49C00B9A507 /* Debug */,
				3B40BA5722A7D49C00B9A507 /* Release */,
			);
			defaultConfigurationIsVisible = 0;
			defaultConfigurationName = Release;
		};
/* End XCConfigurationList section */
	};
	rootObject = 3B40BA2522A7D49C00B9A507 /* Project object */;
}
